
Microsoft Visual Studio Solution File, Format Version 12.00
# Visual Studio Version 16
VisualStudioVersion = 16.0.30104.148
MinimumVisualStudioVersion = 10.0.40219.1
Project("{2150E333-8FDC-42A3-9474-1A3956D46DE8}") = "docs", "docs", "{6B2B65D2-5899-4B47-BA05-B733174D1DD3}"
	ProjectSection(SolutionItems) = preProject
		README.md = README.md
	EndProjectSection
EndProject
Project("{FAE04EC0-301F-11D3-BF4B-00C04F79EFBC}") = "SimpleService", "SimpleService\SimpleService.csproj", "{563D5EC8-31CE-4B09-9E0A-CCC9C9A11D63}"
EndProject
Project("{FAE04EC0-301F-11D3-BF4B-00C04F79EFBC}") = "Host", "Host\Host.csproj", "{A2667965-7B82-4764-9049-CAC6F778AA2D}"
EndProject
Project("{9A19103F-16F7-4668-BE54-9A1E7A4F7556}") = "CSharpExamplesNetCore", "CSharpExamplesNetCore\CSharpExamplesNetCore.csproj", "{AEFC9677-D054-4901-89A9-BDB2B2A2FEB3}"
EndProject
Project("{FAE04EC0-301F-11D3-BF4B-00C04F79EFBC}") = "CSharpExamples", "WindowsFormsExample\CSharpExamples.csproj", "{9950F78F-8C47-4BAB-9468-0AE3C709184D}"
EndProject
Global
	GlobalSection(SolutionConfigurationPlatforms) = preSolution
		Debug|Any CPU = Debug|Any CPU
		Release|Any CPU = Release|Any CPU
	EndGlobalSection
	GlobalSection(ProjectConfigurationPlatforms) = postSolution
		{563D5EC8-31CE-4B09-9E0A-CCC9C9A11D63}.Debug|Any CPU.ActiveCfg = Debug|Any CPU
		{563D5EC8-31CE-4B09-9E0A-CCC9C9A11D63}.Debug|Any CPU.Build.0 = Debug|Any CPU
		{563D5EC8-31CE-4B09-9E0A-CCC9C9A11D63}.Release|Any CPU.ActiveCfg = Release|Any CPU
		{563D5EC8-31CE-4B09-9E0A-CCC9C9A11D63}.Release|Any CPU.Build.0 = Release|Any CPU
		{A2667965-7B82-4764-9049-CAC6F778AA2D}.Debug|Any CPU.ActiveCfg = Debug|Any CPU
		{A2667965-7B82-4764-9049-CAC6F778AA2D}.Debug|Any CPU.Build.0 = Debug|Any CPU
		{A2667965-7B82-4764-9049-CAC6F778AA2D}.Release|Any CPU.ActiveCfg = Release|Any CPU
		{A2667965-7B82-4764-9049-CAC6F778AA2D}.Release|Any CPU.Build.0 = Release|Any CPU
		{AEFC9677-D054-4901-89A9-BDB2B2A2FEB3}.Debug|Any CPU.ActiveCfg = Debug|Any CPU
		{AEFC9677-D054-4901-89A9-BDB2B2A2FEB3}.Debug|Any CPU.Build.0 = Debug|Any CPU
		{AEFC9677-D054-4901-89A9-BDB2B2A2FEB3}.Release|Any CPU.ActiveCfg = Release|Any CPU
		{AEFC9677-D054-4901-89A9-BDB2B2A2FEB3}.Release|Any CPU.Build.0 = Release|Any CPU
		{9950F78F-8C47-4BAB-9468-0AE3C709184D}.Debug|Any CPU.ActiveCfg = Debug|Any CPU
		{9950F78F-8C47-4BAB-9468-0AE3C709184D}.Debug|Any CPU.Build.0 = Debug|Any CPU
		{9950F78F-8C47-4BAB-9468-0AE3C709184D}.Release|Any CPU.ActiveCfg = Release|Any CPU
		{9950F78F-8C47-4BAB-9468-0AE3C709184D}.Release|Any CPU.Build.0 = Release|Any CPU
	EndGlobalSection
	GlobalSection(SolutionProperties) = preSolution
		HideSolutionNode = FALSE
	EndGlobalSection
	GlobalSection(ExtensibilityGlobals) = postSolution
		SolutionGuid = {1E258CEF-DA81-4AA0-8A0D-471CA9E12287}
	EndGlobalSection
EndGlobal
